
Microsoft Visual Studio Solution File, Format Version 12.00
# Visual Studio 15
VisualStudioVersion = 15.0.28010.2016
MinimumVisualStudioVersion = 10.0.40219.1
Project("{FAE04EC0-301F-11D3-BF4B-00C04F79EFBC}") = "ArduinoController", "ArduinoController\ArduinoController.csproj", "{922FF5A5-457E-444B-823D-E2954C429F6C}"
	ProjectSection(ProjectDependencies) = postProject
		{0D780EBE-A080-4D82-ACE7-45872293E47D} = {0D780EBE-A080-4D82-ACE7-45872293E47D}
	EndProjectSection
EndProject
Project("{FAE04EC0-301F-11D3-BF4B-00C04F79EFBC}") = "ArduinoBusiness", "ArduinoBusiness\ArduinoBusiness.csproj", "{0D780EBE-A080-4D82-ACE7-45872293E47D}"
EndProject
Global
	GlobalSection(SolutionConfigurationPlatforms) = preSolution
		Debug|Any CPU = Debug|Any CPU
		Release|Any CPU = Release|Any CPU
	EndGlobalSection
	GlobalSection(ProjectConfigurationPlatforms) = postSolution
		{922FF5A5-457E-444B-823D-E2954C429F6C}.Debug|Any CPU.ActiveCfg = Debug|Any CPU
		{922FF5A5-457E-444B-823D-E2954C429F6C}.Debug|Any CPU.Build.0 = Debug|Any CPU
		{922FF5A5-457E-444B-823D-E2954C429F6C}.Release|Any CPU.ActiveCfg = Release|Any CPU
		{922FF5A5-457E-444B-823D-E2954C429F6C}.Release|Any CPU.Build.0 = Release|Any CPU
		{0D780EBE-A080-4D82-ACE7-45872293E47D}.Debug|Any CPU.ActiveCfg = Debug|Any CPU
		{0D780EBE-A080-4D82-ACE7-45872293E47D}.Debug|Any CPU.Build.0 = Debug|Any CPU
		{0D780EBE-A080-4D82-ACE7-45872293E47D}.Release|Any CPU.ActiveCfg = Release|Any CPU
		{0D780EBE-A080-4D82-ACE7-45872293E47D}.Release|Any CPU.Build.0 = Release|Any CPU
	EndGlobalSection
	GlobalSection(SolutionProperties) = preSolution
		HideSolutionNode = FALSE
	EndGlobalSection
	GlobalSection(ExtensibilityGlobals) = postSolution
		SolutionGuid = {14CF1498-9280-4907-BCF6-B0D4C4653453}
	EndGlobalSection
EndGlobal
